
Microsoft Visual Studio Solution File, Format Version 12.00
# Visual Studio 15
VisualStudioVersion = 15.0.26403.3
MinimumVisualStudioVersion = 10.0.40219.1
Project("{2150E333-8FDC-42A3-9474-1A3956D46DE8}") = "Solution Items", "Solution Items", "{EA85556D-578C-4CF0-B469-8EAB955AC2CB}"
	ProjectSection(SolutionItems) = preProject
		SolutionVersion.cs = SolutionVersion.cs
	EndProjectSection
EndProject
Project("{2150E333-8FDC-42A3-9474-1A3956D46DE8}") = "Tests", "Tests", "{EEA5BE92-2C2F-4CF4-8530-CDF52AB24108}"
EndProject
Project("{FAE04EC0-301F-11D3-BF4B-00C04F79EFBC}") = "Sangmado.Fida.ServiceModel", "Sangmado.Fida.ServiceModel\Sangmado.Fida.ServiceModel.csproj", "{1847D330-8B85-481E-8441-0A96CE612496}"
EndProject
Project("{FAE04EC0-301F-11D3-BF4B-00C04F79EFBC}") = "Sangmado.Fida.Messaging", "Sangmado.Fida.Messaging\Sangmado.Fida.Messaging.csproj", "{27635E7E-0F43-46B8-B957-92790F14AEB2}"
EndProject
Project("{FAE04EC0-301F-11D3-BF4B-00C04F79EFBC}") = "Sangmado.Fida.ServiceModelTestMaster", "Tests\Sangmado.Fida.ServiceModelTestMaster\Sangmado.Fida.ServiceModelTestMaster.csproj", "{2C82E3E2-E1ED-4F8B-AC5A-15730311C6FC}"
EndProject
Project("{FAE04EC0-301F-11D3-BF4B-00C04F79EFBC}") = "Sangmado.Fida.ServiceModelTestActor", "Tests\Sangmado.Fida.ServiceModelTestActor\Sangmado.Fida.ServiceModelTestActor.csproj", "{80BF9CE7-E38B-4798-B418-EB3EADE90031}"
EndProject
Global
	GlobalSection(SolutionConfigurationPlatforms) = preSolution
		Debug|Any CPU = Debug|Any CPU
		Release|Any CPU = Release|Any CPU
	EndGlobalSection
	GlobalSection(ProjectConfigurationPlatforms) = postSolution
		{1847D330-8B85-481E-8441-0A96CE612496}.Debug|Any CPU.ActiveCfg = Debug|Any CPU
		{1847D330-8B85-481E-8441-0A96CE612496}.Debug|Any CPU.Build.0 = Debug|Any CPU
		{1847D330-8B85-481E-8441-0A96CE612496}.Release|Any CPU.ActiveCfg = Release|Any CPU
		{1847D330-8B85-481E-8441-0A96CE612496}.Release|Any CPU.Build.0 = Release|Any CPU
		{27635E7E-0F43-46B8-B957-92790F14AEB2}.Debug|Any CPU.ActiveCfg = Debug|Any CPU
		{27635E7E-0F43-46B8-B957-92790F14AEB2}.Debug|Any CPU.Build.0 = Debug|Any CPU
		{27635E7E-0F43-46B8-B957-92790F14AEB2}.Release|Any CPU.ActiveCfg = Release|Any CPU
		{27635E7E-0F43-46B8-B957-92790F14AEB2}.Release|Any CPU.Build.0 = Release|Any CPU
		{2C82E3E2-E1ED-4F8B-AC5A-15730311C6FC}.Debug|Any CPU.ActiveCfg = Debug|Any CPU
		{2C82E3E2-E1ED-4F8B-AC5A-15730311C6FC}.Debug|Any CPU.Build.0 = Debug|Any CPU
		{2C82E3E2-E1ED-4F8B-AC5A-15730311C6FC}.Release|Any CPU.ActiveCfg = Release|Any CPU
		{2C82E3E2-E1ED-4F8B-AC5A-15730311C6FC}.Release|Any CPU.Build.0 = Release|Any CPU
		{80BF9CE7-E38B-4798-B418-EB3EADE90031}.Debug|Any CPU.ActiveCfg = Debug|Any CPU
		{80BF9CE7-E38B-4798-B418-EB3EADE90031}.Debug|Any CPU.Build.0 = Debug|Any CPU
		{80BF9CE7-E38B-4798-B418-EB3EADE90031}.Release|Any CPU.ActiveCfg = Release|Any CPU
		{80BF9CE7-E38B-4798-B418-EB3EADE90031}.Release|Any CPU.Build.0 = Release|Any CPU
	EndGlobalSection
	GlobalSection(SolutionProperties) = preSolution
		HideSolutionNode = FALSE
	EndGlobalSection
	GlobalSection(NestedProjects) = preSolution
		{2C82E3E2-E1ED-4F8B-AC5A-15730311C6FC} = {EEA5BE92-2C2F-4CF4-8530-CDF52AB24108}
		{80BF9CE7-E38B-4798-B418-EB3EADE90031} = {EEA5BE92-2C2F-4CF4-8530-CDF52AB24108}
	EndGlobalSection
EndGlobal
